{
  "name": "dynamic-sankey",
  "version": "0.0.0",
  "lockfileVersion": 1,
  "requires": true,
  "dependencies": {
    "add-dom-event-listener": {
      "version": "1.0.2",
      "resolved": "https://registry.npmjs.org/add-dom-event-listener/-/add-dom-event-listener-1.0.2.tgz",
      "integrity": "sha1-j67SxBAIchzxEdodMNmVuFvkK+0=",
      "requires": {
        "object-assign": "4.1.1"
      }
    },
    "asap": {
      "version": "2.0.5",
      "resolved": "https://registry.npmjs.org/asap/-/asap-2.0.5.tgz",
      "integrity": "sha1-UidltQw1EEkOUtfc/ghe+bqWlY8="
    },
    "babel-runtime": {
      "version": "6.23.0",
      "resolved": "https://registry.npmjs.org/babel-runtime/-/babel-runtime-6.23.0.tgz",
      "integrity": "sha1-CpSJ8UTecO+zzkMArM2zKeL8VDs=",
      "requires": {
        "core-js": "2.4.1",
        "regenerator-runtime": "0.10.5"
      },
      "dependencies": {
        "core-js": {
          "version": "2.4.1",
          "resolved": "https://registry.npmjs.org/core-js/-/core-js-2.4.1.tgz",
          "integrity": "sha1-TekR5mew6ukSTjQlS1OupvxhjT4="
        }
      }
    },
    "bootstrap": {
      "version": "4.0.0-alpha.6",
      "resolved": "https://registry.npmjs.org/bootstrap/-/bootstrap-4.0.0-alpha.6.tgz",
      "integrity": "sha1-T1TdM6wN6sOyhAe8LffsYIhpycg=",
      "requires": {
        "jquery": "3.2.1",
        "tether": "1.4.0"
      }
    },
    "colr": {
      "version": "1.2.2",
      "resolved": "https://registry.npmjs.org/colr/-/colr-1.2.2.tgz",
      "integrity": "sha1-YAMom448U/YIJOx7vAjgM4eK1PY=",
      "requires": {
        "colr-convert": "1.0.5"
      }
    },
    "colr-convert": {
      "version": "1.0.5",
      "resolved": "https://registry.npmjs.org/colr-convert/-/colr-convert-1.0.5.tgz",
      "integrity": "sha1-tKIskyLfojjSqAqpBzbBEnGEG3E="
    },
    "commander": {
      "version": "2.9.0",
      "resolved": "https://registry.npmjs.org/commander/-/commander-2.9.0.tgz",
      "integrity": "sha1-nJkJQXbhIkDLItbFFGCYQA/g99Q=",
      "requires": {
        "graceful-readlink": "1.0.1"
      }
    },
    "component-classes": {
      "version": "1.2.6",
      "resolved": "https://registry.npmjs.org/component-classes/-/component-classes-1.2.6.tgz",
      "integrity": "sha1-xkI5TDYYpNiwuJGe/Mu9kw5c1pE=",
      "requires": {
        "component-indexof": "0.0.3"
      }
    },
    "component-indexof": {
      "version": "0.0.3",
      "resolved": "https://registry.npmjs.org/component-indexof/-/component-indexof-0.0.3.tgz",
      "integrity": "sha1-EdCRMSI5648yyPJa6csAL/6NPCQ="
    },
    "core-js": {
      "version": "1.2.7",
      "resolved": "https://registry.npmjs.org/core-js/-/core-js-1.2.7.tgz",
      "integrity": "sha1-ZSKUwUZR2yj6k70tX/KYOk8IxjY="
    },
    "create-react-class": {
      "version": "15.6.0",
      "resolved": "https://registry.npmjs.org/create-react-class/-/create-react-class-15.6.0.tgz",
      "integrity": "sha1-q0SEl8JlZuHilBPogyB9V8/nvtQ=",
      "requires": {
        "fbjs": "0.8.12",
        "loose-envify": "1.3.1",
        "object-assign": "4.1.1"
      }
    },
    "css-animation": {
      "version": "1.3.2",
      "resolved": "https://registry.npmjs.org/css-animation/-/css-animation-1.3.2.tgz",
      "integrity": "sha1-31FYIO9ZA3M60tsJmUA7MDe4uIA=",
      "requires": {
        "component-classes": "1.2.6"
      }
    },
    "d3": {
      "version": "4.5.0",
      "resolved": "https://registry.npmjs.org/d3/-/d3-4.5.0.tgz",
      "integrity": "sha1-toQSuErOPBikn+5DvhshKxOiP5c=",
      "requires": {
        "d3-array": "1.0.2",
        "d3-axis": "1.0.4",
        "d3-brush": "1.0.3",
        "d3-chord": "1.0.3",
        "d3-collection": "1.0.2",
        "d3-color": "1.0.2",
        "d3-dispatch": "1.0.2",
        "d3-drag": "1.0.2",
        "d3-dsv": "1.0.3",
        "d3-ease": "1.0.2",
        "d3-force": "1.0.4",
        "d3-format": "1.0.2",
        "d3-geo": "1.4.0",
        "d3-hierarchy": "1.1.1",
        "d3-interpolate": "1.1.3",
        "d3-path": "1.0.3",
        "d3-polygon": "1.0.2",
        "d3-quadtree": "1.0.2",
        "d3-queue": "3.0.3",
        "d3-random": "1.0.2",
        "d3-request": "1.0.3",
        "d3-scale": "1.0.4",
        "d3-selection": "1.0.3",
        "d3-shape": "1.0.4",
        "d3-time": "1.0.4",
        "d3-time-format": "2.0.3",
        "d3-timer": "1.0.4",
        "d3-transition": "1.0.3",
        "d3-voronoi": "1.1.1",
        "d3-zoom": "1.1.1"
      }
    },
    "d3-array": {
      "version": "1.0.2",
      "resolved": "https://registry.npmjs.org/d3-array/-/d3-array-1.0.2.tgz",
      "integrity": "sha1-F0I3vzVqhS+t1q+HdD2ShjHedlU="
    },
    "d3-axis": {
      "version": "1.0.4",
      "resolved": "https://registry.npmjs.org/d3-axis/-/d3-axis-1.0.4.tgz",
      "integrity": "sha1-vf3PXoWYJAYuDxetkg92I25yUSw="
    },
    "d3-brush": {
      "version": "1.0.3",
      "resolved": "https://registry.npmjs.org/d3-brush/-/d3-brush-1.0.3.tgz",
      "integrity": "sha1-T6U3TMO3VdCZC/drcbemZBd1HHQ=",
      "requires": {
        "d3-dispatch": "1.0.2",
        "d3-drag": "1.0.2",
        "d3-interpolate": "1.1.3",
        "d3-selection": "1.0.3",
        "d3-transition": "1.0.3"
      }
    },
    "d3-chord": {
      "version": "1.0.3",
      "resolved": "https://registry.npmjs.org/d3-chord/-/d3-chord-1.0.3.tgz",
      "integrity": "sha1-o5i658tjKjxOpoelVaa57kYJ2ZA=",
      "requires": {
        "d3-array": "1.0.2",
        "d3-path": "1.0.3"
      }
    },
    "d3-collection": {
      "version": "1.0.2",
      "resolved": "https://registry.npmjs.org/d3-collection/-/d3-collection-1.0.2.tgz",
      "integrity": "sha1-31rLVABEPp6r6cE3mJbGflJCazk="
    },
    "d3-color": {
      "version": "1.0.2",
      "resolved": "https://registry.npmjs.org/d3-color/-/d3-color-1.0.2.tgz",
      "integrity": "sha1-g8tLOpR05AeV8AnZfpehVkmDC7w="
    },
    "d3-dispatch": {
      "version": "1.0.2",
      "resolved": "https://registry.npmjs.org/d3-dispatch/-/d3-dispatch-1.0.2.tgz",
      "integrity": "sha1-W1EeeaRqH4lJKEHAqPZWaH1dqgo="
    },
    "d3-drag": {
      "version": "1.0.2",
      "resolved": "https://registry.npmjs.org/d3-drag/-/d3-drag-1.0.2.tgz",
      "integrity": "sha1-1jTMP3aJ+Z3QP9frGvKUXA9DOa0=",
      "requires": {
        "d3-dispatch": "1.0.2",
        "d3-selection": "1.0.3"
      }
    },
    "d3-dsv": {
      "version": "1.0.3",
      "resolved": "https://registry.npmjs.org/d3-dsv/-/d3-dsv-1.0.3.tgz",
      "integrity": "sha1-BJ/kPA9fYMf/fTdmFrx21vydN48=",
      "requires": {
        "commander": "2.9.0",
        "iconv-lite": "0.4.18",
        "rw": "1.3.3"
      }
    },
    "d3-ease": {
      "version": "1.0.2",
      "resolved": "https://registry.npmjs.org/d3-ease/-/d3-ease-1.0.2.tgz",
      "integrity": "sha1-tIb488owjKe+OBl9ZWIrbjCYM3c="
    },
    "d3-force": {
      "version": "1.0.4",
      "resolved": "https://registry.npmjs.org/d3-force/-/d3-force-1.0.4.tgz",
      "integrity": "sha1-+E3LsyAL5B3nvDD6cZIxQxVnWL8=",
      "requires": {
        "d3-collection": "1.0.2",
        "d3-dispatch": "1.0.2",
        "d3-quadtree": "1.0.2",
        "d3-timer": "1.0.4"
      }
    },
    "d3-format": {
      "version": "1.0.2",
      "resolved": "https://registry.npmjs.org/d3-format/-/d3-format-1.0.2.tgz",
      "integrity": "sha1-E4YYMgtLvrQ7XA/zBRkHn7vXN14="
    },
    "d3-geo": {
      "version": "1.4.0",
      "resolved": "https://registry.npmjs.org/d3-geo/-/d3-geo-1.4.0.tgz",
      "integrity": "sha1-FeWMQUtbr6GpYO7rKQWclKYNhAg=",
      "requires": {
        "d3-array": "1.0.2"
      }
    },
    "d3-hierarchy": {
      "version": "1.1.1",
      "resolved": "https://registry.npmjs.org/d3-hierarchy/-/d3-hierarchy-1.1.1.tgz",
      "integrity": "sha1-be78zfGfNw38d7ZTgoTpU+DnabM="
    },
    "d3-interpolate": {
      "version": "1.1.3",
      "resolved": "https://registry.npmjs.org/d3-interpolate/-/d3-interpolate-1.1.3.tgz",
      "integrity": "sha1-4RnJG2vklB5YFnXKPhJ5u5K9LJs=",
      "requires": {
        "d3-color": "1.0.2"
      }
    },
    "d3-path": {
      "version": "1.0.3",
      "resolved": "https://registry.npmjs.org/d3-path/-/d3-path-1.0.3.tgz",
      "integrity": "sha1-YBA9DeqabNbKWN6GxtVnJAAtP94="
    },
    "d3-polygon": {
      "version": "1.0.2",
      "resolved": "https://registry.npmjs.org/d3-polygon/-/d3-polygon-1.0.2.tgz",
      "integrity": "sha1-ZVLA+wOqLQUCM1Habg6K3E3wICs="
    },
    "d3-quadtree": {
      "version": "1.0.2",
      "resolved": "https://registry.npmjs.org/d3-quadtree/-/d3-quadtree-1.0.2.tgz",
      "integrity": "sha1-5+hzrwaqpCfqpK8JTMTL+zULnjg="
    },
    "d3-queue": {
      "version": "3.0.3",
      "resolved": "https://registry.npmjs.org/d3-queue/-/d3-queue-3.0.3.tgz",
      "integrity": "sha1-EO5N0FdKGv+qv7kx0LpPEXkm7cY="
    },
    "d3-random": {
      "version": "1.0.2",
      "resolved": "https://registry.npmjs.org/d3-random/-/d3-random-1.0.2.tgz",
      "integrity": "sha1-g/9qORIGIJwwVlKZ5DxlSYZtsmk="
    },
    "d3-request": {
      "version": "1.0.3",
      "resolved": "https://registry.npmjs.org/d3-request/-/d3-request-1.0.3.tgz",
      "integrity": "sha1-Y/x9/XhGB9sN9dU118uJj866dVo=",
      "requires": {
        "d3-collection": "1.0.2",
        "d3-dispatch": "1.0.2",
        "d3-dsv": "1.0.3",
        "xmlhttprequest": "1.8.0"
      }
    },
    "d3-scale": {
      "version": "1.0.4",
      "resolved": "https://registry.npmjs.org/d3-scale/-/d3-scale-1.0.4.tgz",
      "integrity": "sha1-UOKL9qGTtwZ0VShRXtmz1EIFoDM=",
      "requires": {
        "d3-array": "1.0.2",
        "d3-collection": "1.0.2",
        "d3-color": "1.0.2",
        "d3-format": "1.0.2",
        "d3-interpolate": "1.1.3",
        "d3-time": "1.0.4",
        "d3-time-format": "2.0.3"
      }
    },
    "d3-selection": {
      "version": "1.0.3",
      "resolved": "https://registry.npmjs.org/d3-selection/-/d3-selection-1.0.3.tgz",
      "integrity": "sha1-5j5RQWFyQnhUwbzfoGbrX+hywQg="
    },
    "d3-shape": {
      "version": "1.0.4",
      "resolved": "https://registry.npmjs.org/d3-shape/-/d3-shape-1.0.4.tgz",
      "integrity": "sha1-FF7hAMy+xC+OPxmWzQXHhvef4cY=",
      "requires": {
        "d3-path": "1.0.3"
      }
    },
    "d3-time": {
      "version": "1.0.4",
      "resolved": "https://registry.npmjs.org/d3-time/-/d3-time-1.0.4.tgz",
      "integrity": "sha1-LOugmna3RQyZKh3tThD8YZXmlkk="
    },
    "d3-time-format": {
      "version": "2.0.3",
      "resolved": "https://registry.npmjs.org/d3-time-format/-/d3-time-format-2.0.3.tgz",
      "integrity": "sha1-MkFWm3TdycQuBonA6KkDV5/WKAo=",
      "requires": {
        "d3-time": "1.0.4"
      }
    },
    "d3-timer": {
      "version": "1.0.4",
      "resolved": "https://registry.npmjs.org/d3-timer/-/d3-timer-1.0.4.tgz",
      "integrity": "sha1-ra9/YMe1TJmy/6vSjBWgwQinUyE="
    },
    "d3-transition": {
      "version": "1.0.3",
      "resolved": "https://registry.npmjs.org/d3-transition/-/d3-transition-1.0.3.tgz",
      "integrity": "sha1-kdyYa92zCXNjkyCoXbcs5KsaJ7s=",
      "requires": {
        "d3-color": "1.0.2",
        "d3-dispatch": "1.0.2",
        "d3-ease": "1.0.2",
        "d3-interpolate": "1.1.3",
        "d3-selection": "1.0.3",
        "d3-timer": "1.0.4"
      }
    },
    "d3-voronoi": {
      "version": "1.1.1",
      "resolved": "https://registry.npmjs.org/d3-voronoi/-/d3-voronoi-1.1.1.tgz",
      "integrity": "sha1-mYVE3KmO8OiabEDAusNRDRvBuLk="
    },
    "d3-zoom": {
      "version": "1.1.1",
      "resolved": "https://registry.npmjs.org/d3-zoom/-/d3-zoom-1.1.1.tgz",
      "integrity": "sha1-0jYtj3BDwfxdlqQ43mn04C7x5ns=",
      "requires": {
        "d3-dispatch": "1.0.2",
        "d3-drag": "1.0.2",
        "d3-interpolate": "1.1.3",
        "d3-selection": "1.0.3",
        "d3-transition": "1.0.3"
      }
    },
    "define-state": {
      "version": "1.1.0",
      "resolved": "https://registry.npmjs.org/define-state/-/define-state-1.1.0.tgz",
      "integrity": "sha1-V7iQ5VD7+R6mnaz/gBJdWn/o290=",
      "requires": {
        "st8": "1.1.1"
      }
    },
    "dom-align": {
      "version": "1.6.2",
      "resolved": "https://registry.npmjs.org/dom-align/-/dom-align-1.6.2.tgz",
      "integrity": "sha512-xCyF9pFKqoSClFUb7ATZbSHGAi70fNFGZ1k9ijLmFo2jM22ef4AKEVGvETzGFMQRVZT8vqJSmQEG108uabKlMA=="
    },
    "domify": {
      "version": "1.4.0",
      "resolved": "https://registry.npmjs.org/domify/-/domify-1.4.0.tgz",
      "integrity": "sha1-EUg2F/dk+GlZdbS9x5sU8IA7Yps="
    },
    "draggy": {
      "version": "1.6.6",
      "resolved": "https://registry.npmjs.org/draggy/-/draggy-1.6.6.tgz",
      "integrity": "sha1-hPya4jXJht3p7ZY9maB4sbirDSE=",
      "requires": {
        "define-state": "1.1.0",
        "emmy": "5.4.0",
        "get-client-xy": "1.2.0",
        "get-uid": "1.0.1",
        "inherits": "2.0.3",
        "intersects": "1.0.0",
        "mucss": "1.1.5",
        "mumath": "2.3.0",
        "mutype": "0.3.9",
        "xtend": "4.0.1"
      }
    },
    "emmy": {
      "version": "5.4.0",
      "resolved": "https://registry.npmjs.org/emmy/-/emmy-5.4.0.tgz",
      "integrity": "sha1-MntBLU+fnXYeN2f+fVRmVLU7cfg=",
      "requires": {
        "icicle": "0.1.3",
        "is-browser": "2.0.1",
        "is-function": "1.0.1",
        "is-plain-obj": "1.1.0",
        "is-string": "1.0.4",
        "key-name": "1.1.3",
        "sliced": "1.0.1"
      }
    },
    "encoding": {
      "version": "0.1.12",
      "resolved": "https://registry.npmjs.org/encoding/-/encoding-0.1.12.tgz",
      "integrity": "sha1-U4tm8+5izRq1HsMjgp0flIDHS+s=",
      "requires": {
        "iconv-lite": "0.4.18"
      }
    },
    "fbjs": {
      "version": "0.8.12",
      "resolved": "https://registry.npmjs.org/fbjs/-/fbjs-0.8.12.tgz",
      "integrity": "sha1-ELXZL3bUVXX9Y6IX1OoCvqL47QQ=",
      "requires": {
        "core-js": "1.2.7",
        "isomorphic-fetch": "2.2.1",
        "loose-envify": "1.3.1",
        "object-assign": "4.1.1",
        "promise": "7.3.1",
        "setimmediate": "1.0.5",
        "ua-parser-js": "0.7.13"
      }
    },
    "get-client-xy": {
      "version": "1.2.0",
      "resolved": "https://registry.npmjs.org/get-client-xy/-/get-client-xy-1.2.0.tgz",
      "integrity": "sha1-sRAKFd1MnAsF5ZdthaPtRRSohlI="
    },
    "get-uid": {
      "version": "1.0.1",
      "resolved": "https://registry.npmjs.org/get-uid/-/get-uid-1.0.1.tgz",
      "integrity": "sha1-rG1WlVUMtr43HVp5sNloEV90aiI="
    },
    "graceful-readlink": {
      "version": "1.0.1",
      "resolved": "https://registry.npmjs.org/graceful-readlink/-/graceful-readlink-1.0.1.tgz",
      "integrity": "sha1-TK+tdrxi8C+gObL5Tpo906ORpyU="
    },
    "icicle": {
      "version": "0.1.3",
      "resolved": "https://registry.npmjs.org/icicle/-/icicle-0.1.3.tgz",
      "integrity": "sha1-5Bx+YOc8G4liU7lquqbvtzBO7bU="
    },
    "iconv-lite": {
      "version": "0.4.18",
      "resolved": "https://registry.npmjs.org/iconv-lite/-/iconv-lite-0.4.18.tgz",
      "integrity": "sha512-sr1ZQph3UwHTR0XftSbK85OvBbxe/abLGzEnPENCQwmHf7sck8Oyu4ob3LgBxWWxRoM+QszeUyl7jbqapu2TqA=="
    },
    "inherits": {
      "version": "2.0.3",
      "resolved": "https://registry.npmjs.org/inherits/-/inherits-2.0.3.tgz",
      "integrity": "sha1-Yzwsg+PaQqUC9SRmAiSA9CCCYd4="
    },
    "intersects": {
      "version": "1.0.0",
      "resolved": "https://registry.npmjs.org/intersects/-/intersects-1.0.0.tgz",
      "integrity": "sha1-N9Bx1CESz8NUVwuZXnWLTniJFOY="
    },
    "is-browser": {
      "version": "2.0.1",
      "resolved": "https://registry.npmjs.org/is-browser/-/is-browser-2.0.1.tgz",
      "integrity": "sha1-i/C695mpxi/Z3lvO5M8zl8PnUpo="
    },
    "is-function": {
      "version": "1.0.1",
      "resolved": "https://registry.npmjs.org/is-function/-/is-function-1.0.1.tgz",
      "integrity": "sha1-Es+5i2W1fdPRk6MSH19uL0N2ArU="
    },
    "is-plain-obj": {
      "version": "1.1.0",
      "resolved": "https://registry.npmjs.org/is-plain-obj/-/is-plain-obj-1.1.0.tgz",
      "integrity": "sha1-caUMhCnfync8kqOQpKA7OfzVHT4="
    },
    "is-plain-object": {
      "version": "2.0.3",
      "resolved": "https://registry.npmjs.org/is-plain-object/-/is-plain-object-2.0.3.tgz",
      "integrity": "sha1-wVvz5LZrYtcu+vKSWEhmPsvGGbY=",
      "requires": {
        "isobject": "3.0.1"
      }
    },
    "is-stream": {
      "version": "1.1.0",
      "resolved": "https://registry.npmjs.org/is-stream/-/is-stream-1.1.0.tgz",
      "integrity": "sha1-EtSj3U5o4Lec6428hBc66A2RykQ="
    },
    "is-string": {
      "version": "1.0.4",
      "resolved": "https://registry.npmjs.org/is-string/-/is-string-1.0.4.tgz",
      "integrity": "sha1-zDqbaYV9Yh6WNyWiTK7shzuCbmQ="
    },
    "isobject": {
      "version": "3.0.1",
      "resolved": "https://registry.npmjs.org/isobject/-/isobject-3.0.1.tgz",
      "integrity": "sha1-TkMekrEalzFjaqH5yNHMvP2reN8="
    },
    "isomorphic-fetch": {
      "version": "2.2.1",
      "resolved": "https://registry.npmjs.org/isomorphic-fetch/-/isomorphic-fetch-2.2.1.tgz",
      "integrity": "sha1-YRrhrPFPXoH3KVB0coGf6XM1WKk=",
      "requires": {
        "node-fetch": "1.7.1",
        "whatwg-fetch": "2.0.3"
      }
    },
    "jquery": {
      "version": "3.2.1",
      "resolved": "https://registry.npmjs.org/jquery/-/jquery-3.2.1.tgz",
      "integrity": "sha1-XE2d5lKvbNCncBVKYxu6ErAVx4c="
    },
    "js-tokens": {
      "version": "3.0.2",
      "resolved": "https://registry.npmjs.org/js-tokens/-/js-tokens-3.0.2.tgz",
      "integrity": "sha1-mGbfOVECEw449/mWvOtlRDIJwls="
    },
    "key-name": {
      "version": "1.1.3",
      "resolved": "https://registry.npmjs.org/key-name/-/key-name-1.1.3.tgz",
      "integrity": "sha1-nGYMVKo0X2c222cDtCZSSOU8mXQ="
    },
    "lodash._getnative": {
      "version": "3.9.1",
      "resolved": "https://registry.npmjs.org/lodash._getnative/-/lodash._getnative-3.9.1.tgz",
      "integrity": "sha1-VwvH3t5G1hzc3mh9ZdPuy6o6r/U="
    },
    "lodash.isarguments": {
      "version": "3.1.0",
      "resolved": "https://registry.npmjs.org/lodash.isarguments/-/lodash.isarguments-3.1.0.tgz",
      "integrity": "sha1-L1c9hcaiQon/AGY7SRwdM4/zRYo="
    },
    "lodash.isarray": {
      "version": "3.0.4",
      "resolved": "https://registry.npmjs.org/lodash.isarray/-/lodash.isarray-3.0.4.tgz",
      "integrity": "sha1-eeTriMNqgSKvhvhEqpvNhRtfu1U="
    },
    "lodash.keys": {
      "version": "3.1.2",
      "resolved": "https://registry.npmjs.org/lodash.keys/-/lodash.keys-3.1.2.tgz",
      "integrity": "sha1-TbwEcrFWvlCgsoaFXRvQsMZWCYo=",
      "requires": {
        "lodash._getnative": "3.9.1",
        "lodash.isarguments": "3.1.0",
        "lodash.isarray": "3.0.4"
      }
    },
    "loose-envify": {
      "version": "1.3.1",
      "resolved": "https://registry.npmjs.org/loose-envify/-/loose-envify-1.3.1.tgz",
      "integrity": "sha1-0aitM/qc4OcT1l/dCsi3SNR4yEg=",
      "requires": {
        "js-tokens": "3.0.2"
      }
    },
    "material-icons": {
      "version": "0.1.0",
      "resolved": "https://registry.npmjs.org/material-icons/-/material-icons-0.1.0.tgz",
      "integrity": "sha1-rz2RF3Z71879HylJP916tKkxy8g="
    },
    "moment": {
      "version": "2.18.1",
      "resolved": "https://registry.npmjs.org/moment/-/moment-2.18.1.tgz",
      "integrity": "sha1-w2GT3Tzhwu7SrbfIAtu8d6gbHA8="
    },
    "mucss": {
      "version": "1.1.5",
      "resolved": "https://registry.npmjs.org/mucss/-/mucss-1.1.5.tgz",
      "integrity": "sha1-fNbsWVWQ5gPkg6ENaajsfdJwplY="
    },
    "mumath": {
      "version": "2.3.0",
      "resolved": "https://registry.npmjs.org/mumath/-/mumath-2.3.0.tgz",
      "integrity": "sha1-di8azGX+mW/viKJpL28GnraDM/s="
    },
    "mutype": {
      "version": "0.3.9",
      "resolved": "https://registry.npmjs.org/mutype/-/mutype-0.3.9.tgz",
      "integrity": "sha1-EuEhsSd0UDRO25KTOFx4M0NBG8s="
    },
    "ngx-bootstrap": {
      "version": "1.7.1",
      "resolved": "https://registry.npmjs.org/ngx-bootstrap/-/ngx-bootstrap-1.7.1.tgz",
      "integrity": "sha512-d7Rquh+qg0/S3an1QHfWnYNIPeo5Ek+bXCAZHSNaKXjCl0w0ofEK/kGagoE8CdcJqssiwTuboKWoMx5mWGBkBQ==",
      "requires": {
        "moment": "2.18.1"
      }
    },
    "node-fetch": {
      "version": "1.7.1",
      "resolved": "https://registry.npmjs.org/node-fetch/-/node-fetch-1.7.1.tgz",
      "integrity": "sha512-j8XsFGCLw79vWXkZtMSmmLaOk9z5SQ9bV/tkbZVCqvgwzrjAGq66igobLofHtF63NvMTp2WjytpsNTGKa+XRIQ==",
      "requires": {
        "encoding": "0.1.12",
        "is-stream": "1.1.0"
      }
    },
    "object-assign": {
      "version": "4.1.1",
      "resolved": "https://registry.npmjs.org/object-assign/-/object-assign-4.1.1.tgz",
      "integrity": "sha1-IQmtx5ZYh8/AXLvUQsrIv7s2CGM="
    },
    "promise": {
      "version": "7.3.1",
      "resolved": "https://registry.npmjs.org/promise/-/promise-7.3.1.tgz",
      "integrity": "sha512-nolQXZ/4L+bP/UGlkfaIujX9BKxGwmQ9OT4mOt5yvy8iK1h3wqTEJCijzGANTCCl9nWjY41juyAn2K3Q1hLLTg==",
      "requires": {
        "asap": "2.0.5"
      }
    },
    "prop-types": {
      "version": "15.5.10",
      "resolved": "https://registry.npmjs.org/prop-types/-/prop-types-15.5.10.tgz",
      "integrity": "sha1-J5ffwxJhguOpXj37suiT3ddFYVQ=",
      "requires": {
        "fbjs": "0.8.12",
        "loose-envify": "1.3.1"
      }
    },
    "rc-align": {
      "version": "2.3.4",
      "resolved": "https://registry.npmjs.org/rc-align/-/rc-align-2.3.4.tgz",
      "integrity": "sha1-2Dvat1YPAULnKj3h1JXatroiUkk=",
      "requires": {
        "dom-align": "1.6.2",
        "prop-types": "15.5.10",
        "rc-util": "4.0.4"
      }
    },
    "rc-animate": {
      "version": "2.4.0",
      "resolved": "https://registry.npmjs.org/rc-animate/-/rc-animate-2.4.0.tgz",
      "integrity": "sha1-pRtH2t+K2a8Izd+1sCF7+oGu6AM=",
      "requires": {
        "babel-runtime": "6.23.0",
        "css-animation": "1.3.2",
        "prop-types": "15.5.10"
      }
    },
    "rc-color-picker": {
      "version": "1.1.6",
      "resolved": "https://registry.npmjs.org/rc-color-picker/-/rc-color-picker-1.1.6.tgz",
      "integrity": "sha512-ah8smzFE1dXPWdroq7K5KoHofAMunah+sIELkARSfMfxkf3jIzrAUv1tP8SxLXevSne1fmeC1CgiMB9UQ1k7Cw==",
      "requires": {
        "colr": "1.2.2",
        "prop-types": "15.5.10",
        "rc-trigger": "1.11.2",
        "rc-util": "4.0.4"
      }
    },
    "rc-trigger": {
      "version": "1.11.2",
      "resolved": "https://registry.npmjs.org/rc-trigger/-/rc-trigger-1.11.2.tgz",
      "integrity": "sha512-ns6eVMvzFc7ZRhRDhAV5RyIxsDUBwjxrEb7njzisvfkwMhRoNkYeN3iwtmIb7DBNE4rsBunsfZIPdKGedKVUJQ==",
      "requires": {
        "babel-runtime": "6.23.0",
        "create-react-class": "15.6.0",
        "prop-types": "15.5.10",
        "rc-align": "2.3.4",
        "rc-animate": "2.4.0",
        "rc-util": "4.0.4"
      }
    },
    "rc-util": {
      "version": "4.0.4",
      "resolved": "https://registry.npmjs.org/rc-util/-/rc-util-4.0.4.tgz",
      "integrity": "sha1-mYE92Qrufim2STmnCsF26tP0/zk=",
      "requires": {
        "add-dom-event-listener": "1.0.2",
        "babel-runtime": "6.23.0",
        "shallowequal": "0.2.2"
      }
    },
    "regenerator-runtime": {
      "version": "0.10.5",
      "resolved": "https://registry.npmjs.org/regenerator-runtime/-/regenerator-runtime-0.10.5.tgz",
      "integrity": "sha1-M2w+/BIgrc7dosn6tntaeVWjNlg="
    },
    "resizable": {
      "version": "1.2.0",
      "resolved": "https://registry.npmjs.org/resizable/-/resizable-1.2.0.tgz",
      "integrity": "sha1-hlbjEccqDOsPP+JFLyjm2X9xyIQ=",
      "requires": {
        "domify": "1.4.0",
        "draggy": "1.6.6",
        "emmy": "5.4.0",
        "inherits": "2.0.3",
        "mucss": "1.1.5",
        "mumath": "2.3.0",
        "mutype": "0.3.9",
        "split-keys": "0.0.7",
        "xtend": "4.0.1"
      }
    },
    "rw": {
      "version": "1.3.3",
      "resolved": "https://registry.npmjs.org/rw/-/rw-1.3.3.tgz",
      "integrity": "sha1-P4Yt+pGrdmsUiF700BEkv9oHT7Q="
    },
    "setimmediate": {
      "version": "1.0.5",
      "resolved": "https://registry.npmjs.org/setimmediate/-/setimmediate-1.0.5.tgz",
      "integrity": "sha1-KQy7Iy4waULX1+qbg3Mqt4VvgoU="
    },
    "shallowequal": {
      "version": "0.2.2",
      "resolved": "https://registry.npmjs.org/shallowequal/-/shallowequal-0.2.2.tgz",
      "integrity": "sha1-HjL9W8q2rWiKSBLLDMBO/HXHAU4=",
      "requires": {
        "lodash.keys": "3.1.2"
      }
    },
    "sliced": {
      "version": "1.0.1",
      "resolved": "https://registry.npmjs.org/sliced/-/sliced-1.0.1.tgz",
      "integrity": "sha1-CzpmK10Ewxd7GSa+qCsD+Dei70E="
    },
    "split-keys": {
      "version": "0.0.7",
      "resolved": "https://registry.npmjs.org/split-keys/-/split-keys-0.0.7.tgz",
      "integrity": "sha1-qLPDQFcyQUL8wnbPrRx68NobhIM=",
      "requires": {
        "mutype": "0.3.9",
        "xtend": "4.0.1"
      }
    },
    "st8": {
      "version": "1.1.1",
      "resolved": "https://registry.npmjs.org/st8/-/st8-1.1.1.tgz",
      "integrity": "sha1-0PROfPzX4B4wK6EsMN9wTR9MfqQ=",
      "requires": {
        "is-plain-object": "2.0.3"
      }
    },
    "tether": {
      "version": "1.4.0",
      "resolved": "https://registry.npmjs.org/tether/-/tether-1.4.0.tgz",
      "integrity": "sha1-D5+hcfdb9YSF2BSelHmdeudNHBo="
    },
    "ua-parser-js": {
      "version": "0.7.13",
      "resolved": "https://registry.npmjs.org/ua-parser-js/-/ua-parser-js-0.7.13.tgz",
      "integrity": "sha1-zZ3S+GSTs/RNvu7zeA/adMXuFL4="
    },
    "whatwg-fetch": {
      "version": "2.0.3",
      "resolved": "https://registry.npmjs.org/whatwg-fetch/-/whatwg-fetch-2.0.3.tgz",
      "integrity": "sha1-nITsLc9oGH/wC8ZOEnS0QhduHIQ="
    },
    "xmlhttprequest": {
      "version": "1.8.0",
      "resolved": "https://registry.npmjs.org/xmlhttprequest/-/xmlhttprequest-1.8.0.tgz",
      "integrity": "sha1-Z/4HXFwk/vOfnWX197f+dRcZaPw="
    },
    "xtend": {
      "version": "4.0.1",
      "resolved": "https://registry.npmjs.org/xtend/-/xtend-4.0.1.tgz",
      "integrity": "sha1-pcbVMr5lbiPbgg77lDofBJmNY68="
    }
  }
}
